// !$*UTF8*$!
{
	archiveVersion = 1;
	classes = {
	};
	objectVersion = 50;
	objects = {

/* Begin PBXBuildFile section */
		9B28F20421F5F4190056BBC7 /* AppDelegate.swift in Sources */ = {isa = PBXBuildFile; fileRef = 9B28F20321F5F4190056BBC7 /* AppDelegate.swift */; };
		9B28F20621F5F4190056BBC7 /* ViewController.swift in Sources */ = {isa = PBXBuildFile; fileRef = 9B28F20521F5F4190056BBC7 /* ViewController.swift */; };
		9B28F20921F5F4190056BBC7 /* Main.storyboard in Resources */ = {isa = PBXBuildFile; fileRef = 9B28F20721F5F4190056BBC7 /* Main.storyboard */; };
		9B28F20B21F5F41A0056BBC7 /* Assets.xcassets in Resources */ = {isa = PBXBuildFile; fileRef = 9B28F20A21F5F41A0056BBC7 /* Assets.xcassets */; };
		9B28F20E21F5F41A0056BBC7 /* LaunchScreen.storyboard in Resources */ = {isa = PBXBuildFile; fileRef = 9B28F20C21F5F41A0056BBC7 /* LaunchScreen.storyboard */; };
		9B28F21D21F5F7600056BBC7 /* dash4.png in Resources */ = {isa = PBXBuildFile; fileRef = 9B28F21521F5F75F0056BBC7 /* dash4.png */; };
		9B28F21E21F5F7600056BBC7 /* dash0.png in Resources */ = {isa = PBXBuildFile; fileRef = 9B28F21621F5F75F0056BBC7 /* dash0.png */; };
		9B28F21F21F5F7600056BBC7 /* dash3.png in Resources */ = {isa = PBXBuildFile; fileRef = 9B28F21721F5F75F0056BBC7 /* dash3.png */; };
		9B28F22021F5F7600056BBC7 /* dash1.png in Resources */ = {isa = PBXBuildFile; fileRef = 9B28F21821F5F75F0056BBC7 /* dash1.png */; };
		9B28F22121F5F7600056BBC7 /* dash2.png in Resources */ = {isa = PBXBuildFile; fileRef = 9B28F21921F5F7600056BBC7 /* dash2.png */; };
		9B28F22221F5F7600056BBC7 /* start.png in Resources */ = {isa = PBXBuildFile; fileRef = 9B28F21A21F5F7600056BBC7 /* start.png */; };
		9B28F22321F5F7600056BBC7 /* dash5.png in Resources */ = {isa = PBXBuildFile; fileRef = 9B28F21B21F5F7600056BBC7 /* dash5.png */; };
		9B28F22421F5F7600056BBC7 /* stop.png in Resources */ = {isa = PBXBuildFile; fileRef = 9B28F21C21F5F7600056BBC7 /* stop.png */; };
/* End PBXBuildFile section */

/* Begin PBXFileReference section */
		9B28F20021F5F4190056BBC7 /* Swift5Manga2.app */ = {isa = PBXFileReference; explicitFileType = wrapper.application; includeInIndex = 0; path = Swift5Manga2.app; sourceTree = BUILT_PRODUCTS_DIR; };
		9B28F20321F5F4190056BBC7 /* AppDelegate.swift */ = {isa = PBXFileReference; lastKnownFileType = sourcecode.swift; path = AppDelegate.swift; sourceTree = "<group>"; };
		9B28F20521F5F4190056BBC7 /* ViewController.swift */ = {isa = PBXFileReference; lastKnownFileType = sourcecode.swift; path = ViewController.swift; sourceTree = "<group>"; };
		9B28F20821F5F4190056BBC7 /* Base */ = {isa = PBXFileReference; lastKnownFileType = file.storyboard; name = Base; path = Base.lproj/Main.storyboard; sourceTree = "<group>"; };
		9B28F20A21F5F41A0056BBC7 /* Assets.xcassets */ = {isa = PBXFileReference; lastKnownFileType = folder.assetcatalog; path = Assets.xcassets; sourceTree = "<group>"; };
		9B28F20D21F5F41A0056BBC7 /* Base */ = {isa = PBXFileReference; lastKnownFileType = file.storyboard; name = Base; path = Base.lproj/LaunchScreen.storyboard; sourceTree = "<group>"; };
		9B28F20F21F5F41A0056BBC7 /* Info.plist */ = {isa = PBXFileReference; lastKnownFileType = text.plist.xml; path = Info.plist; sourceTree = "<group>"; };
		9B28F21521F5F75F0056BBC7 /* dash4.png */ = {isa = PBXFileReference; lastKnownFileType = image.png; path = dash4.png; sourceTree = "<group>"; };
		9B28F21621F5F75F0056BBC7 /* dash0.png */ = {isa = PBXFileReference; lastKnownFileType = image.png; path = dash0.png; sourceTree = "<group>"; };
		9B28F21721F5F75F0056BBC7 /* dash3.png */ = {isa = PBXFileReference; lastKnownFileType = image.png; path = dash3.png; sourceTree = "<group>"; };
		9B28F21821F5F75F0056BBC7 /* dash1.png */ = {isa = PBXFileReference; lastKnownFileType = image.png; path = dash1.png; sourceTree = "<group>"; };
		9B28F21921F5F7600056BBC7 /* dash2.png */ = {isa = PBXFileReference; lastKnownFileType = image.png; path = dash2.png; sourceTree = "<group>"; };
		9B28F21A21F5F7600056BBC7 /* start.png */ = {isa = PBXFileReference; lastKnownFileType = image.png; path = start.png; sourceTree = "<group>"; };
		9B28F21B21F5F7600056BBC7 /* dash5.png */ = {isa = PBXFileReference; lastKnownFileType = image.png; path = dash5.png; sourceTree = "<group>"; };
		9B28F21C21F5F7600056BBC7 /* stop.png */ = {isa = PBXFileReference; lastKnownFileType = image.png; path = stop.png; sourceTree = "<group>"; };
/* End PBXFileReference section */

/* Begin PBXFrameworksBuildPhase section */
		9B28F1FD21F5F4190056BBC7 /* Frameworks */ = {
			isa = PBXFrameworksBuildPhase;
			buildActionMask = 2147483647;
			files = (
			);
			runOnlyForDeploymentPostprocessing = 0;
		};
/* End PBXFrameworksBuildPhase section */

/* Begin PBXGroup section */
		9B28F1F721F5F4190056BBC7 = {
			isa = PBXGroup;
			children = (
				9B28F20221F5F4190056BBC7 /* Swift5Manga2 */,
				9B28F20121F5F4190056BBC7 /* Products */,
			);
			sourceTree = "<group>";
		};
		9B28F20121F5F4190056BBC7 /* Products */ = {
			isa = PBXGroup;
			children = (
				9B28F20021F5F4190056BBC7 /* Swift5Manga2.app */,
			);
			name = Products;
			sourceTree = "<group>";
		};
		9B28F20221F5F4190056BBC7 /* Swift5Manga2 */ = {
			isa = PBXGroup;
			children = (
				9B28F20321F5F4190056BBC7 /* AppDelegate.swift */,
				9B28F21621F5F75F0056BBC7 /* dash0.png */,
				9B28F21821F5F75F0056BBC7 /* dash1.png */,
				9B28F21921F5F7600056BBC7 /* dash2.png */,
				9B28F21721F5F75F0056BBC7 /* dash3.png */,
				9B28F21521F5F75F0056BBC7 /* dash4.png */,
				9B28F21B21F5F7600056BBC7 /* dash5.png */,
				9B28F21C21F5F7600056BBC7 /* stop.png */,
				9B28F21A21F5F7600056BBC7 /* start.png */,
				9B28F20521F5F4190056BBC7 /* ViewController.swift */,
				9B28F20721F5F4190056BBC7 /* Main.storyboard */,
				9B28F20A21F5F41A0056BBC7 /* Assets.xcassets */,
				9B28F20C21F5F41A0056BBC7 /* LaunchScreen.storyboard */,
				9B28F20F21F5F41A0056BBC7 /* Info.plist */,
			);
			path = Swift5Manga2;
			sourceTree = "<group>";
		};
/* End PBXGroup section */

/* Begin PBXNativeTarget section */
		9B28F1FF21F5F4190056BBC7 /* Swift5Manga2 */ = {
			isa = PBXNativeTarget;
			buildConfigurationList = 9B28F21221F5F41A0056BBC7 /* Build configuration list for PBXNativeTarget "Swift5Manga2" */;
			buildPhases = (
				9B28F1FC21F5F4190056BBC7 /* Sources */,
				9B28F1FD21F5F4190056BBC7 /* Frameworks */,
				9B28F1FE21F5F4190056BBC7 /* Resources */,
			);
			buildRules = (
			);
			dependencies = (
			);
			name = Swift5Manga2;
			productName = Swift5Manga2;
			productReference = 9B28F20021F5F4190056BBC7 /* Swift5Manga2.app */;
			productType = "com.apple.product-type.application";
		};
/* End PBXNativeTarget section */

/* Begin PBXProject section */
		9B28F1F821F5F4190056BBC7 /* Project object */ = {
			isa = PBXProject;
			attributes = {
				LastSwiftUpdateCheck = 1010;
				LastUpgradeCheck = 1010;
				ORGANIZATIONNAME = "田久保雄";
				TargetAttributes = {
					9B28F1FF21F5F4190056BBC7 = {
						CreatedOnToolsVersion = 10.1;
					};
				};
			};
			buildConfigurationList = 9B28F1FB21F5F4190056BBC7 /* Build configuration list for PBXProject "Swift5Manga2" */;
			compatibilityVersion = "Xcode 9.3";
			developmentRegion = en;
			hasScannedForEncodings = 0;
			knownRegions = (
				en,
				Base,
			);
			mainGroup = 9B28F1F721F5F4190056BBC7;
			productRefGroup = 9B28F20121F5F4190056BBC7 /* Products */;
			projectDirPath = "";
			projectRoot = "";
			targets = (
				9B28F1FF21F5F4190056BBC7 /* Swift5Manga2 */,
			);
		};
/* End PBXProject section */

/* Begin PBXResourcesBuildPhase section */
		9B28F1FE21F5F4190056BBC7 /* Resources */ = {
			isa = PBXResourcesBuildPhase;
			buildActionMask = 2147483647;
			files = (
				9B28F21D21F5F7600056BBC7 /* dash4.png in Resources */,
				9B28F22321F5F7600056BBC7 /* dash5.png in Resources */,
				9B28F21F21F5F7600056BBC7 /* dash3.png in Resources */,
				9B28F22421F5F7600056BBC7 /* stop.png in Resources */,
				9B28F22221F5F7600056BBC7 /* start.png in Resources */,
				9B28F21E21F5F7600056BBC7 /* dash0.png in Resources */,
				9B28F22021F5F7600056BBC7 /* dash1.png in Resources */,
				9B28F20E21F5F41A0056BBC7 /* LaunchScreen.storyboard in Resources */,
				9B28F20B21F5F41A0056BBC7 /* Assets.xcassets in Resources */,
				9B28F22121F5F7600056BBC7 /* dash2.png in Resources */,
				9B28F20921F5F4190056BBC7 /* Main.storyboard in Resources */,
			);
			runOnlyForDeploymentPostprocessing = 0;
		};
/* End PBXResourcesBuildPhase section */

/* Begin PBXSourcesBuildPhase section */
		9B28F1FC21F5F4190056BBC7 /* Sources */ = {
			isa = PBXSourcesBuildPhase;
			buildActionMask = 2147483647;
			files = (
				9B28F20621F5F4190056BBC7 /* ViewController.swift in Sources */,
				9B28F20421F5F4190056BBC7 /* AppDelegate.swift in Sources */,
			);
			runOnlyForDeploymentPostprocessing = 0;
		};
/* End PBXSourcesBuildPhase section */

/* Begin PBXVariantGroup section */
		9B28F20721F5F4190056BBC7 /* Main.storyboard */ = {
			isa = PBXVariantGroup;
			children = (
				9B28F20821F5F4190056BBC7 /* Base */,
			);
			name = Main.storyboard;
			sourceTree = "<group>";
		};
		9B28F20C21F5F41A0056BBC7 /* LaunchScreen.storyboard */ = {
			isa = PBXVariantGroup;
			children = (
				9B28F20D21F5F41A0056BBC7 /* Base */,
			);
			name = LaunchScreen.storyboard;
			sourceTree = "<group>";
		};
/* End PBXVariantGroup section */

/* Begin XCBuildConfiguration section */
		9B28F21021F5F41A0056BBC7 /* Debug */ = {
			isa = XCBuildConfiguration;
			buildSettings = {
				ALWAYS_SEARCH_USER_PATHS = NO;
				CLANG_ANALYZER_NONNULL = YES;
				CLANG_ANALYZER_NUMBER_OBJECT_CONVERSION = YES_AGGRESSIVE;
				CLANG_CXX_LANGUAGE_STANDARD = "gnu++14";
				CLANG_CXX_LIBRARY = "libc++";
				CLANG_ENABLE_MODULES = YES;
				CLANG_ENABLE_OBJC_ARC = YES;
				CLANG_ENABLE_OBJC_WEAK = YES;
				CLANG_WARN_BLOCK_CAPTURE_AUTORELEASING = YES;
				CLANG_WARN_BOOL_CONVERSION = YES;
				CLANG_WARN_COMMA = YES;
				CLANG_WARN_CONSTANT_CONVERSION = YES;
				CLANG_WARN_DEPRECATED_OBJC_IMPLEMENTATIONS = YES;
				CLANG_WARN_DIRECT_OBJC_ISA_USAGE = YES_ERROR;
				CLANG_WARN_DOCUMENTATION_COMMENTS = YES;
				CLANG_WARN_EMPTY_BODY = YES;
				CLANG_WARN_ENUM_CONVERSION = YES;
				CLANG_WARN_INFINITE_RECURSION = YES;
				CLANG_WARN_INT_CONVERSION = YES;
				CLANG_WARN_NON_LITERAL_NULL_CONVERSION = YES;
				CLANG_WARN_OBJC_IMPLICIT_RETAIN_SELF = YES;
				CLANG_WARN_OBJC_LITERAL_CONVERSION = YES;
				CLANG_WARN_OBJC_ROOT_CLASS = YES_ERROR;
				CLANG_WARN_RANGE_LOOP_ANALYSIS = YES;
				CLANG_WARN_STRICT_PROTOTYPES = YES;
				CLANG_WARN_SUSPICIOUS_MOVE = YES;
				CLANG_WARN_UNGUARDED_AVAILABILITY = YES_AGGRESSIVE;
				CLANG_WARN_UNREACHABLE_CODE = YES;
				CLANG_WARN__DUPLICATE_METHOD_MATCH = YES;
				CODE_SIGN_IDENTITY = "iPhone Developer";
				COPY_PHASE_STRIP = NO;
				DEBUG_INFORMATION_FORMAT = dwarf;
				ENABLE_STRICT_OBJC_MSGSEND = YES;
				ENABLE_TESTABILITY = YES;
				GCC_C_LANGUAGE_STANDARD = gnu11;
				GCC_DYNAMIC_NO_PIC = NO;
				GCC_NO_COMMON_BLOCKS = YES;
				GCC_OPTIMIZATION_LEVEL = 0;
				GCC_PREPROCESSOR_DEFINITIONS = (
					"DEBUG=1",
					"$(inherited)",
				);
				GCC_WARN_64_TO_32_BIT_CONVERSION = YES;
				GCC_WARN_ABOUT_RETURN_TYPE = YES_ERROR;
				GCC_WARN_UNDECLARED_SELECTOR = YES;
				GCC_WARN_UNINITIALIZED_AUTOS = YES_AGGRESSIVE;
				GCC_WARN_UNUSED_FUNCTION = YES;
				GCC_WARN_UNUSED_VARIABLE = YES;
				IPHONEOS_DEPLOYMENT_TARGET = 12.1;
				MTL_ENABLE_DEBUG_INFO = INCLUDE_SOURCE;
				MTL_FAST_MATH = YES;
				ONLY_ACTIVE_ARCH = YES;
				SDKROOT = iphoneos;
				SWIFT_ACTIVE_COMPILATION_CONDITIONS = DEBUG;
				SWIFT_OPTIMIZATION_LEVEL = "-Onone";
			};
			name = Debug;
		};
		9B28F21121F5F41A0056BBC7 /* Release */ = {
			isa = XCBuildConfiguration;
			buildSettings = {
				ALWAYS_SEARCH_USER_PATHS = NO;
				CLANG_ANALYZER_NONNULL = YES;
				CLANG_ANALYZER_NUMBER_OBJECT_CONVERSION = YES_AGGRESSIVE;
				CLANG_CXX_LANGUAGE_STANDARD = "gnu++14";
				CLANG_CXX_LIBRARY = "libc++";
				CLANG_ENABLE_MODULES = YES;
				CLANG_ENABLE_OBJC_ARC = YES;
				CLANG_ENABLE_OBJC_WEAK = YES;
				CLANG_WARN_BLOCK_CAPTURE_AUTORELEASING = YES;
				CLANG_WARN_BOOL_CONVERSION = YES;
				CLANG_WARN_COMMA = YES;
				CLANG_WARN_CONSTANT_CONVERSION = YES;
				CLANG_WARN_DEPRECATED_OBJC_IMPLEMENTATIONS = YES;
				CLANG_WARN_DIRECT_OBJC_ISA_USAGE = YES_ERROR;
				CLANG_WARN_DOCUMENTATION_COMMENTS = YES;
				CLANG_WARN_EMPTY_BODY = YES;
				CLANG_WARN_ENUM_CONVERSION = YES;
				CLANG_WARN_INFINITE_RECURSION = YES;
				CLANG_WARN_INT_CONVERSION = YES;
				CLANG_WARN_NON_LITERAL_NULL_CONVERSION = YES;
				CLANG_WARN_OBJC_IMPLICIT_RETAIN_SELF = YES;
				CLANG_WARN_OBJC_LITERAL_CONVERSION = YES;
				CLANG_WARN_OBJC_ROOT_CLASS = YES_ERROR;
				CLANG_WARN_RANGE_LOOP_ANALYSIS = YES;
				CLANG_WARN_STRICT_PROTOTYPES = YES;
				CLANG_WARN_SUSPICIOUS_MOVE = YES;
				CLANG_WARN_UNGUARDED_AVAILABILITY = YES_AGGRESSIVE;
				CLANG_WARN_UNREACHABLE_CODE = YES;
				CLANG_WARN__DUPLICATE_METHOD_MATCH = YES;
				CODE_SIGN_IDENTITY = "iPhone Developer";
				COPY_PHASE_STRIP = NO;
				DEBUG_INFORMATION_FORMAT = "dwarf-with-dsym";
				ENABLE_NS_ASSERTIONS = NO;
				ENABLE_STRICT_OBJC_MSGSEND = YES;
				GCC_C_LANGUAGE_STANDARD = gnu11;
				GCC_NO_COMMON_BLOCKS = YES;
				GCC_WARN_64_TO_32_BIT_CONVERSION = YES;
				GCC_WARN_ABOUT_RETURN_TYPE = YES_ERROR;
				GCC_WARN_UNDECLARED_SELECTOR = YES;
				GCC_WARN_UNINITIALIZED_AUTOS = YES_AGGRESSIVE;
				GCC_WARN_UNUSED_FUNCTION = YES;
				GCC_WARN_UNUSED_VARIABLE = YES;
				IPHONEOS_DEPLOYMENT_TARGET = 12.1;
				MTL_ENABLE_DEBUG_INFO = NO;
				MTL_FAST_MATH = YES;
				SDKROOT = iphoneos;
				SWIFT_COMPILATION_MODE = wholemodule;
				SWIFT_OPTIMIZATION_LEVEL = "-O";
				VALIDATE_PRODUCT = YES;
			};
			name = Release;
		};
		9B28F21321F5F41A0056BBC7 /* Debug */ = {
			isa = XCBuildConfiguration;
			buildSettings = {
				ASSETCATALOG_COMPILER_APPICON_NAME = AppIcon;
				CODE_SIGN_STYLE = Automatic;
				INFOPLIST_FILE = Swift5Manga2/Info.plist;
				LD_RUNPATH_SEARCH_PATHS = (
					"$(inherited)",
					"@executable_path/Frameworks",
				);
				PRODUCT_BUNDLE_IDENTIFIER = yu.tkb.Swift5Manga2;
				PRODUCT_NAME = "$(TARGET_NAME)";
				SWIFT_VERSION = 4.2;
				TARGETED_DEVICE_FAMILY = "1,2";
			};
			name = Debug;
		};
		9B28F21421F5F41A0056BBC7 /* Release */ = {
			isa = XCBuildConfiguration;
			buildSettings = {
				ASSETCATALOG_COMPILER_APPICON_NAME = AppIcon;
				CODE_SIGN_STYLE = Automatic;
				INFOPLIST_FILE = Swift5Manga2/Info.plist;
				LD_RUNPATH_SEARCH_PATHS = (
					"$(inherited)",
					"@executable_path/Frameworks",
				);
				PRODUCT_BUNDLE_IDENTIFIER = yu.tkb.Swift5Manga2;
				PRODUCT_NAME = "$(TARGET_NAME)";
				SWIFT_VERSION = 4.2;
				TARGETED_DEVICE_FAMILY = "1,2";
			};
			name = Release;
		};
/* End XCBuildConfiguration section */

/* Begin XCConfigurationList section */
		9B28F1FB21F5F4190056BBC7 /* Build configuration list for PBXProject "Swift5Manga2" */ = {
			isa = XCConfigurationList;
			buildConfigurations = (
				9B28F21021F5F41A0056BBC7 /* Debug */,
				9B28F21121F5F41A0056BBC7 /* Release */,
			);
			defaultConfigurationIsVisible = 0;
			defaultConfigurationName = Release;
		};
		9B28F21221F5F41A0056BBC7 /* Build configuration list for PBXNativeTarget "Swift5Manga2" */ = {
			isa = XCConfigurationList;
			buildConfigurations = (
				9B28F21321F5F41A0056BBC7 /* Debug */,
				9B28F21421F5F41A0056BBC7 /* Release */,
			);
			defaultConfigurationIsVisible = 0;
			defaultConfigurationName = Release;
		};
/* End XCConfigurationList section */
	};
	rootObject = 9B28F1F821F5F4190056BBC7 /* Project object */;
}
