// !$*UTF8*$!
{
	archiveVersion = 1;
	classes = {
	};
	objectVersion = 50;
	objects = {

/* Begin PBXBuildFile section */
		9A738E1821ED9ED2003AAA96 /* AppDelegate.swift in Sources */ = {isa = PBXBuildFile; fileRef = 9A738E1721ED9ED2003AAA96 /* AppDelegate.swift */; };
		9A738E1A21ED9ED2003AAA96 /* ViewController.swift in Sources */ = {isa = PBXBuildFile; fileRef = 9A738E1921ED9ED2003AAA96 /* ViewController.swift */; };
		9A738E1D21ED9ED2003AAA96 /* Main.storyboard in Resources */ = {isa = PBXBuildFile; fileRef = 9A738E1B21ED9ED2003AAA96 /* Main.storyboard */; };
		9A738E1F21ED9ED3003AAA96 /* Assets.xcassets in Resources */ = {isa = PBXBuildFile; fileRef = 9A738E1E21ED9ED3003AAA96 /* Assets.xcassets */; };
		9A738E2221ED9ED3003AAA96 /* LaunchScreen.storyboard in Resources */ = {isa = PBXBuildFile; fileRef = 9A738E2021ED9ED3003AAA96 /* LaunchScreen.storyboard */; };
		9AECBD8B21F18EB8005AD121 /* dash3.png in Resources */ = {isa = PBXBuildFile; fileRef = 9AECBD8321F18EB7005AD121 /* dash3.png */; };
		9AECBD8D21F18EB8005AD121 /* dash2.png in Resources */ = {isa = PBXBuildFile; fileRef = 9AECBD8521F18EB7005AD121 /* dash2.png */; };
		9AECBD8E21F18EB8005AD121 /* dash0.png in Resources */ = {isa = PBXBuildFile; fileRef = 9AECBD8621F18EB7005AD121 /* dash0.png */; };
		9AECBD8F21F18EB8005AD121 /* dash5.png in Resources */ = {isa = PBXBuildFile; fileRef = 9AECBD8721F18EB7005AD121 /* dash5.png */; };
		9AECBD9021F18EB8005AD121 /* dash4.png in Resources */ = {isa = PBXBuildFile; fileRef = 9AECBD8821F18EB8005AD121 /* dash4.png */; };
		9AECBD9121F18EB8005AD121 /* dash1.png in Resources */ = {isa = PBXBuildFile; fileRef = 9AECBD8921F18EB8005AD121 /* dash1.png */; };
		9AECBD9421F18F2B005AD121 /* stop.png in Resources */ = {isa = PBXBuildFile; fileRef = 9AECBD9221F18F2B005AD121 /* stop.png */; };
		9AECBD9521F18F2B005AD121 /* start.png in Resources */ = {isa = PBXBuildFile; fileRef = 9AECBD9321F18F2B005AD121 /* start.png */; };
/* End PBXBuildFile section */

/* Begin PBXFileReference section */
		9A738E1421ED9ED2003AAA96 /* Swift4Manga1.app */ = {isa = PBXFileReference; explicitFileType = wrapper.application; includeInIndex = 0; path = Swift4Manga1.app; sourceTree = BUILT_PRODUCTS_DIR; };
		9A738E1721ED9ED2003AAA96 /* AppDelegate.swift */ = {isa = PBXFileReference; lastKnownFileType = sourcecode.swift; path = AppDelegate.swift; sourceTree = "<group>"; };
		9A738E1921ED9ED2003AAA96 /* ViewController.swift */ = {isa = PBXFileReference; lastKnownFileType = sourcecode.swift; path = ViewController.swift; sourceTree = "<group>"; };
		9A738E1C21ED9ED2003AAA96 /* Base */ = {isa = PBXFileReference; lastKnownFileType = file.storyboard; name = Base; path = Base.lproj/Main.storyboard; sourceTree = "<group>"; };
		9A738E1E21ED9ED3003AAA96 /* Assets.xcassets */ = {isa = PBXFileReference; lastKnownFileType = folder.assetcatalog; path = Assets.xcassets; sourceTree = "<group>"; };
		9A738E2121ED9ED3003AAA96 /* Base */ = {isa = PBXFileReference; lastKnownFileType = file.storyboard; name = Base; path = Base.lproj/LaunchScreen.storyboard; sourceTree = "<group>"; };
		9A738E2321ED9ED3003AAA96 /* Info.plist */ = {isa = PBXFileReference; lastKnownFileType = text.plist.xml; path = Info.plist; sourceTree = "<group>"; };
		9AECBD8321F18EB7005AD121 /* dash3.png */ = {isa = PBXFileReference; lastKnownFileType = image.png; path = dash3.png; sourceTree = "<group>"; };
		9AECBD8521F18EB7005AD121 /* dash2.png */ = {isa = PBXFileReference; lastKnownFileType = image.png; path = dash2.png; sourceTree = "<group>"; };
		9AECBD8621F18EB7005AD121 /* dash0.png */ = {isa = PBXFileReference; lastKnownFileType = image.png; path = dash0.png; sourceTree = "<group>"; };
		9AECBD8721F18EB7005AD121 /* dash5.png */ = {isa = PBXFileReference; lastKnownFileType = image.png; path = dash5.png; sourceTree = "<group>"; };
		9AECBD8821F18EB8005AD121 /* dash4.png */ = {isa = PBXFileReference; lastKnownFileType = image.png; path = dash4.png; sourceTree = "<group>"; };
		9AECBD8921F18EB8005AD121 /* dash1.png */ = {isa = PBXFileReference; lastKnownFileType = image.png; path = dash1.png; sourceTree = "<group>"; };
		9AECBD9221F18F2B005AD121 /* stop.png */ = {isa = PBXFileReference; lastKnownFileType = image.png; path = stop.png; sourceTree = "<group>"; };
		9AECBD9321F18F2B005AD121 /* start.png */ = {isa = PBXFileReference; lastKnownFileType = image.png; path = start.png; sourceTree = "<group>"; };
/* End PBXFileReference section */

/* Begin PBXFrameworksBuildPhase section */
		9A738E1121ED9ED2003AAA96 /* Frameworks */ = {
			isa = PBXFrameworksBuildPhase;
			buildActionMask = 2147483647;
			files = (
			);
			runOnlyForDeploymentPostprocessing = 0;
		};
/* End PBXFrameworksBuildPhase section */

/* Begin PBXGroup section */
		9A738E0B21ED9ED2003AAA96 = {
			isa = PBXGroup;
			children = (
				9A738E1621ED9ED2003AAA96 /* Swift4Manga1 */,
				9A738E1521ED9ED2003AAA96 /* Products */,
			);
			sourceTree = "<group>";
		};
		9A738E1521ED9ED2003AAA96 /* Products */ = {
			isa = PBXGroup;
			children = (
				9A738E1421ED9ED2003AAA96 /* Swift4Manga1.app */,
			);
			name = Products;
			sourceTree = "<group>";
		};
		9A738E1621ED9ED2003AAA96 /* Swift4Manga1 */ = {
			isa = PBXGroup;
			children = (
				9AECBD8621F18EB7005AD121 /* dash0.png */,
				9AECBD8921F18EB8005AD121 /* dash1.png */,
				9AECBD8521F18EB7005AD121 /* dash2.png */,
				9AECBD8321F18EB7005AD121 /* dash3.png */,
				9AECBD8821F18EB8005AD121 /* dash4.png */,
				9AECBD9321F18F2B005AD121 /* start.png */,
				9AECBD9221F18F2B005AD121 /* stop.png */,
				9AECBD8721F18EB7005AD121 /* dash5.png */,
				9A738E1721ED9ED2003AAA96 /* AppDelegate.swift */,
				9A738E1921ED9ED2003AAA96 /* ViewController.swift */,
				9A738E1B21ED9ED2003AAA96 /* Main.storyboard */,
				9A738E1E21ED9ED3003AAA96 /* Assets.xcassets */,
				9A738E2021ED9ED3003AAA96 /* LaunchScreen.storyboard */,
				9A738E2321ED9ED3003AAA96 /* Info.plist */,
			);
			path = Swift4Manga1;
			sourceTree = "<group>";
		};
/* End PBXGroup section */

/* Begin PBXNativeTarget section */
		9A738E1321ED9ED2003AAA96 /* Swift4Manga1 */ = {
			isa = PBXNativeTarget;
			buildConfigurationList = 9A738E2621ED9ED3003AAA96 /* Build configuration list for PBXNativeTarget "Swift4Manga1" */;
			buildPhases = (
				9A738E1021ED9ED2003AAA96 /* Sources */,
				9A738E1121ED9ED2003AAA96 /* Frameworks */,
				9A738E1221ED9ED2003AAA96 /* Resources */,
			);
			buildRules = (
			);
			dependencies = (
			);
			name = Swift4Manga1;
			productName = Swift4Manga1;
			productReference = 9A738E1421ED9ED2003AAA96 /* Swift4Manga1.app */;
			productType = "com.apple.product-type.application";
		};
/* End PBXNativeTarget section */

/* Begin PBXProject section */
		9A738E0C21ED9ED2003AAA96 /* Project object */ = {
			isa = PBXProject;
			attributes = {
				LastSwiftUpdateCheck = 1010;
				LastUpgradeCheck = 1010;
				ORGANIZATIONNAME = yu.takubo;
				TargetAttributes = {
					9A738E1321ED9ED2003AAA96 = {
						CreatedOnToolsVersion = 10.1;
					};
				};
			};
			buildConfigurationList = 9A738E0F21ED9ED2003AAA96 /* Build configuration list for PBXProject "Swift4Manga1" */;
			compatibilityVersion = "Xcode 9.3";
			developmentRegion = en;
			hasScannedForEncodings = 0;
			knownRegions = (
				en,
				Base,
			);
			mainGroup = 9A738E0B21ED9ED2003AAA96;
			productRefGroup = 9A738E1521ED9ED2003AAA96 /* Products */;
			projectDirPath = "";
			projectRoot = "";
			targets = (
				9A738E1321ED9ED2003AAA96 /* Swift4Manga1 */,
			);
		};
/* End PBXProject section */

/* Begin PBXResourcesBuildPhase section */
		9A738E1221ED9ED2003AAA96 /* Resources */ = {
			isa = PBXResourcesBuildPhase;
			buildActionMask = 2147483647;
			files = (
				9AECBD8D21F18EB8005AD121 /* dash2.png in Resources */,
				9AECBD9421F18F2B005AD121 /* stop.png in Resources */,
				9AECBD8B21F18EB8005AD121 /* dash3.png in Resources */,
				9AECBD9521F18F2B005AD121 /* start.png in Resources */,
				9A738E2221ED9ED3003AAA96 /* LaunchScreen.storyboard in Resources */,
				9A738E1F21ED9ED3003AAA96 /* Assets.xcassets in Resources */,
				9AECBD8E21F18EB8005AD121 /* dash0.png in Resources */,
				9A738E1D21ED9ED2003AAA96 /* Main.storyboard in Resources */,
				9AECBD8F21F18EB8005AD121 /* dash5.png in Resources */,
				9AECBD9021F18EB8005AD121 /* dash4.png in Resources */,
				9AECBD9121F18EB8005AD121 /* dash1.png in Resources */,
			);
			runOnlyForDeploymentPostprocessing = 0;
		};
/* End PBXResourcesBuildPhase section */

/* Begin PBXSourcesBuildPhase section */
		9A738E1021ED9ED2003AAA96 /* Sources */ = {
			isa = PBXSourcesBuildPhase;
			buildActionMask = 2147483647;
			files = (
				9A738E1A21ED9ED2003AAA96 /* ViewController.swift in Sources */,
				9A738E1821ED9ED2003AAA96 /* AppDelegate.swift in Sources */,
			);
			runOnlyForDeploymentPostprocessing = 0;
		};
/* End PBXSourcesBuildPhase section */

/* Begin PBXVariantGroup section */
		9A738E1B21ED9ED2003AAA96 /* Main.storyboard */ = {
			isa = PBXVariantGroup;
			children = (
				9A738E1C21ED9ED2003AAA96 /* Base */,
			);
			name = Main.storyboard;
			sourceTree = "<group>";
		};
		9A738E2021ED9ED3003AAA96 /* LaunchScreen.storyboard */ = {
			isa = PBXVariantGroup;
			children = (
				9A738E2121ED9ED3003AAA96 /* Base */,
			);
			name = LaunchScreen.storyboard;
			sourceTree = "<group>";
		};
/* End PBXVariantGroup section */

/* Begin XCBuildConfiguration section */
		9A738E2421ED9ED3003AAA96 /* Debug */ = {
			isa = XCBuildConfiguration;
			buildSettings = {
				ALWAYS_SEARCH_USER_PATHS = NO;
				CLANG_ANALYZER_NONNULL = YES;
				CLANG_ANALYZER_NUMBER_OBJECT_CONVERSION = YES_AGGRESSIVE;
				CLANG_CXX_LANGUAGE_STANDARD = "gnu++14";
				CLANG_CXX_LIBRARY = "libc++";
				CLANG_ENABLE_MODULES = YES;
				CLANG_ENABLE_OBJC_ARC = YES;
				CLANG_ENABLE_OBJC_WEAK = YES;
				CLANG_WARN_BLOCK_CAPTURE_AUTORELEASING = YES;
				CLANG_WARN_BOOL_CONVERSION = YES;
				CLANG_WARN_COMMA = YES;
				CLANG_WARN_CONSTANT_CONVERSION = YES;
				CLANG_WARN_DEPRECATED_OBJC_IMPLEMENTATIONS = YES;
				CLANG_WARN_DIRECT_OBJC_ISA_USAGE = YES_ERROR;
				CLANG_WARN_DOCUMENTATION_COMMENTS = YES;
				CLANG_WARN_EMPTY_BODY = YES;
				CLANG_WARN_ENUM_CONVERSION = YES;
				CLANG_WARN_INFINITE_RECURSION = YES;
				CLANG_WARN_INT_CONVERSION = YES;
				CLANG_WARN_NON_LITERAL_NULL_CONVERSION = YES;
				CLANG_WARN_OBJC_IMPLICIT_RETAIN_SELF = YES;
				CLANG_WARN_OBJC_LITERAL_CONVERSION = YES;
				CLANG_WARN_OBJC_ROOT_CLASS = YES_ERROR;
				CLANG_WARN_RANGE_LOOP_ANALYSIS = YES;
				CLANG_WARN_STRICT_PROTOTYPES = YES;
				CLANG_WARN_SUSPICIOUS_MOVE = YES;
				CLANG_WARN_UNGUARDED_AVAILABILITY = YES_AGGRESSIVE;
				CLANG_WARN_UNREACHABLE_CODE = YES;
				CLANG_WARN__DUPLICATE_METHOD_MATCH = YES;
				CODE_SIGN_IDENTITY = "iPhone Developer";
				COPY_PHASE_STRIP = NO;
				DEBUG_INFORMATION_FORMAT = dwarf;
				ENABLE_STRICT_OBJC_MSGSEND = YES;
				ENABLE_TESTABILITY = YES;
				GCC_C_LANGUAGE_STANDARD = gnu11;
				GCC_DYNAMIC_NO_PIC = NO;
				GCC_NO_COMMON_BLOCKS = YES;
				GCC_OPTIMIZATION_LEVEL = 0;
				GCC_PREPROCESSOR_DEFINITIONS = (
					"DEBUG=1",
					"$(inherited)",
				);
				GCC_WARN_64_TO_32_BIT_CONVERSION = YES;
				GCC_WARN_ABOUT_RETURN_TYPE = YES_ERROR;
				GCC_WARN_UNDECLARED_SELECTOR = YES;
				GCC_WARN_UNINITIALIZED_AUTOS = YES_AGGRESSIVE;
				GCC_WARN_UNUSED_FUNCTION = YES;
				GCC_WARN_UNUSED_VARIABLE = YES;
				IPHONEOS_DEPLOYMENT_TARGET = 12.1;
				MTL_ENABLE_DEBUG_INFO = INCLUDE_SOURCE;
				MTL_FAST_MATH = YES;
				ONLY_ACTIVE_ARCH = YES;
				SDKROOT = iphoneos;
				SWIFT_ACTIVE_COMPILATION_CONDITIONS = DEBUG;
				SWIFT_OPTIMIZATION_LEVEL = "-Onone";
			};
			name = Debug;
		};
		9A738E2521ED9ED3003AAA96 /* Release */ = {
			isa = XCBuildConfiguration;
			buildSettings = {
				ALWAYS_SEARCH_USER_PATHS = NO;
				CLANG_ANALYZER_NONNULL = YES;
				CLANG_ANALYZER_NUMBER_OBJECT_CONVERSION = YES_AGGRESSIVE;
				CLANG_CXX_LANGUAGE_STANDARD = "gnu++14";
				CLANG_CXX_LIBRARY = "libc++";
				CLANG_ENABLE_MODULES = YES;
				CLANG_ENABLE_OBJC_ARC = YES;
				CLANG_ENABLE_OBJC_WEAK = YES;
				CLANG_WARN_BLOCK_CAPTURE_AUTORELEASING = YES;
				CLANG_WARN_BOOL_CONVERSION = YES;
				CLANG_WARN_COMMA = YES;
				CLANG_WARN_CONSTANT_CONVERSION = YES;
				CLANG_WARN_DEPRECATED_OBJC_IMPLEMENTATIONS = YES;
				CLANG_WARN_DIRECT_OBJC_ISA_USAGE = YES_ERROR;
				CLANG_WARN_DOCUMENTATION_COMMENTS = YES;
				CLANG_WARN_EMPTY_BODY = YES;
				CLANG_WARN_ENUM_CONVERSION = YES;
				CLANG_WARN_INFINITE_RECURSION = YES;
				CLANG_WARN_INT_CONVERSION = YES;
				CLANG_WARN_NON_LITERAL_NULL_CONVERSION = YES;
				CLANG_WARN_OBJC_IMPLICIT_RETAIN_SELF = YES;
				CLANG_WARN_OBJC_LITERAL_CONVERSION = YES;
				CLANG_WARN_OBJC_ROOT_CLASS = YES_ERROR;
				CLANG_WARN_RANGE_LOOP_ANALYSIS = YES;
				CLANG_WARN_STRICT_PROTOTYPES = YES;
				CLANG_WARN_SUSPICIOUS_MOVE = YES;
				CLANG_WARN_UNGUARDED_AVAILABILITY = YES_AGGRESSIVE;
				CLANG_WARN_UNREACHABLE_CODE = YES;
				CLANG_WARN__DUPLICATE_METHOD_MATCH = YES;
				CODE_SIGN_IDENTITY = "iPhone Developer";
				COPY_PHASE_STRIP = NO;
				DEBUG_INFORMATION_FORMAT = "dwarf-with-dsym";
				ENABLE_NS_ASSERTIONS = NO;
				ENABLE_STRICT_OBJC_MSGSEND = YES;
				GCC_C_LANGUAGE_STANDARD = gnu11;
				GCC_NO_COMMON_BLOCKS = YES;
				GCC_WARN_64_TO_32_BIT_CONVERSION = YES;
				GCC_WARN_ABOUT_RETURN_TYPE = YES_ERROR;
				GCC_WARN_UNDECLARED_SELECTOR = YES;
				GCC_WARN_UNINITIALIZED_AUTOS = YES_AGGRESSIVE;
				GCC_WARN_UNUSED_FUNCTION = YES;
				GCC_WARN_UNUSED_VARIABLE = YES;
				IPHONEOS_DEPLOYMENT_TARGET = 12.1;
				MTL_ENABLE_DEBUG_INFO = NO;
				MTL_FAST_MATH = YES;
				SDKROOT = iphoneos;
				SWIFT_COMPILATION_MODE = wholemodule;
				SWIFT_OPTIMIZATION_LEVEL = "-O";
				VALIDATE_PRODUCT = YES;
			};
			name = Release;
		};
		9A738E2721ED9ED3003AAA96 /* Debug */ = {
			isa = XCBuildConfiguration;
			buildSettings = {
				ASSETCATALOG_COMPILER_APPICON_NAME = AppIcon;
				CODE_SIGN_STYLE = Automatic;
				INFOPLIST_FILE = Swift4Manga1/Info.plist;
				LD_RUNPATH_SEARCH_PATHS = (
					"$(inherited)",
					"@executable_path/Frameworks",
				);
				PRODUCT_BUNDLE_IDENTIFIER = com.yutakubo.Swift4Manga1;
				PRODUCT_NAME = "$(TARGET_NAME)";
				SWIFT_VERSION = 4.2;
				TARGETED_DEVICE_FAMILY = "1,2";
			};
			name = Debug;
		};
		9A738E2821ED9ED3003AAA96 /* Release */ = {
			isa = XCBuildConfiguration;
			buildSettings = {
				ASSETCATALOG_COMPILER_APPICON_NAME = AppIcon;
				CODE_SIGN_STYLE = Automatic;
				INFOPLIST_FILE = Swift4Manga1/Info.plist;
				LD_RUNPATH_SEARCH_PATHS = (
					"$(inherited)",
					"@executable_path/Frameworks",
				);
				PRODUCT_BUNDLE_IDENTIFIER = com.yutakubo.Swift4Manga1;
				PRODUCT_NAME = "$(TARGET_NAME)";
				SWIFT_VERSION = 4.2;
				TARGETED_DEVICE_FAMILY = "1,2";
			};
			name = Release;
		};
/* End XCBuildConfiguration section */

/* Begin XCConfigurationList section */
		9A738E0F21ED9ED2003AAA96 /* Build configuration list for PBXProject "Swift4Manga1" */ = {
			isa = XCConfigurationList;
			buildConfigurations = (
				9A738E2421ED9ED3003AAA96 /* Debug */,
				9A738E2521ED9ED3003AAA96 /* Release */,
			);
			defaultConfigurationIsVisible = 0;
			defaultConfigurationName = Release;
		};
		9A738E2621ED9ED3003AAA96 /* Build configuration list for PBXNativeTarget "Swift4Manga1" */ = {
			isa = XCConfigurationList;
			buildConfigurations = (
				9A738E2721ED9ED3003AAA96 /* Debug */,
				9A738E2821ED9ED3003AAA96 /* Release */,
			);
			defaultConfigurationIsVisible = 0;
			defaultConfigurationName = Release;
		};
/* End XCConfigurationList section */
	};
	rootObject = 9A738E0C21ED9ED2003AAA96 /* Project object */;
}
